
Microsoft Visual Studio Solution File, Format Version 12.00
Project("{FAE04EC0-301F-11D3-BF4B-00C04F79EFBC}") = "NotRunescape", "NotRunescape\NotRunescape.csproj", "{17C1E7BC-3D50-48D1-B8AC-F39CCD114A38}"
EndProject
Global
	GlobalSection(SolutionConfigurationPlatforms) = preSolution
		Debug|Any CPU = Debug|Any CPU
		Release|Any CPU = Release|Any CPU
	EndGlobalSection
	GlobalSection(ProjectConfigurationPlatforms) = postSolution
		{17C1E7BC-3D50-48D1-B8AC-F39CCD114A38}.Debug|Any CPU.ActiveCfg = Debug|Any CPU
		{17C1E7BC-3D50-48D1-B8AC-F39CCD114A38}.Debug|Any CPU.Build.0 = Debug|Any CPU
		{17C1E7BC-3D50-48D1-B8AC-F39CCD114A38}.Release|Any CPU.ActiveCfg = Release|Any CPU
		{17C1E7BC-3D50-48D1-B8AC-F39CCD114A38}.Release|Any CPU.Build.0 = Release|Any CPU
	EndGlobalSection
EndGlobal
